version = 1
revision = 3
requires-python = ">=3.14"

[[package]]
name = "lark"
version = "1.3.1"
source = { registry = "https://pypi.org/simple" }
sdist = { url = "https://files.pythonhosted.org/packages/da/34/28fff3ab31ccff1fd4f6c7c7b0ceb2b6968d8ea4950663eadcb5720591a0/lark-1.3.1.tar.gz", hash = "sha256:b426a7a6d6d53189d318f2b6236ab5d6429eaf09259f1ca33eb716eed10d2905", size = 382732, upload-time = "2025-10-27T18:25:56.653Z" }
wheels = [
    { url = "https://files.pythonhosted.org/packages/82/3d/14ce75ef66813643812f3093ab17e46d3a206942ce7376d31ec2d36229e7/lark-1.3.1-py3-none-any.whl", hash = "sha256:c629b661023a014c37da873b4ff58a817398d12635d3bbb2c5a03be7fe5d1e12", size = 113151, upload-time = "2025-10-27T18:25:54.882Z" },
]

[[package]]
name = "python-hcl2"
version = "7.3.1"
source = { registry = "https://pypi.org/simple" }
dependencies = [
    { name = "lark" },
    { name = "regex" },
]
sdist = { url = "https://files.pythonhosted.org/packages/50/8e/f82ed407a10c2dd4228ff0fceec8a16dd6a9191a2ed119233c04dccf2ca4/python_hcl2-7.3.1.tar.gz", hash = "sha256:f8f55583703daf7bbcb595a33c68de891064d565974ea39998b81d15a4c4657b", size = 35352, upload-time = "2025-07-24T12:33:49.883Z" }
wheels = [
    { url = "https://files.pythonhosted.org/packages/99/56/8f6418645fee59dd7a85a6e155d13ebf07608edc98965b211b0ed86ef35a/python_hcl2-7.3.1-py3-none-any.whl", hash = "sha256:6bf6036d3dffac04e05e6aa58ff6e9a3710bba2171325584dfd7b3f8c99c6d4d", size = 22426, upload-time = "2025-07-24T12:33:49.015Z" },
]

[[package]]
name = "regex"
version = "2025.10.23"
source = { registry = "https://pypi.org/simple" }
sdist = { url = "https://files.pythonhosted.org/packages/f8/c8/1d2160d36b11fbe0a61acb7c3c81ab032d9ec8ad888ac9e0a61b85ab99dd/regex-2025.10.23.tar.gz", hash = "sha256:8cbaf8ceb88f96ae2356d01b9adf5e6306fa42fa6f7eab6b97794e37c959ac26", size = 401266, upload-time = "2025-10-21T15:58:20.23Z" }
wheels = [
    { url = "https://files.pythonhosted.org/packages/73/f6/0caf29fec943f201fbc8822879c99d31e59c1d51a983d9843ee5cf398539/regex-2025.10.23-cp314-cp314-macosx_10_13_universal2.whl", hash = "sha256:5b5cb5b6344c4c4c24b2dc87b0bfee78202b07ef7633385df70da7fcf6f7cec6", size = 488960, upload-time = "2025-10-21T15:56:40.849Z" },
    { url = "https://files.pythonhosted.org/packages/8e/7d/ebb7085b8fa31c24ce0355107cea2b92229d9050552a01c5d291c42aecea/regex-2025.10.23-cp314-cp314-macosx_10_13_x86_64.whl", hash = "sha256:a6ce7973384c37bdf0f371a843f95a6e6f4e1489e10e0cf57330198df72959c5", size = 290932, upload-time = "2025-10-21T15:56:42.875Z" },
    { url = "https://files.pythonhosted.org/packages/27/41/43906867287cbb5ca4cee671c3cc8081e15deef86a8189c3aad9ac9f6b4d/regex-2025.10.23-cp314-cp314-macosx_11_0_arm64.whl", hash = "sha256:2ee3663f2c334959016b56e3bd0dd187cbc73f948e3a3af14c3caaa0c3035d10", size = 288766, upload-time = "2025-10-21T15:56:44.894Z" },
    { url = "https://files.pythonhosted.org/packages/ab/9e/ea66132776700fc77a39b1056e7a5f1308032fead94507e208dc6716b7cd/regex-2025.10.23-cp314-cp314-manylinux2014_aarch64.manylinux_2_17_aarch64.manylinux_2_28_aarch64.whl", hash = "sha256:2003cc82a579107e70d013482acce8ba773293f2db534fb532738395c557ff34", size = 798884, upload-time = "2025-10-21T15:56:47.178Z" },
    { url = "https://files.pythonhosted.org/packages/d5/99/aed1453687ab63819a443930770db972c5c8064421f0d9f5da9ad029f26b/regex-2025.10.23-cp314-cp314-manylinux2014_ppc64le.manylinux_2_17_ppc64le.manylinux_2_28_ppc64le.whl", hash = "sha256:182c452279365a93a9f45874f7f191ec1c51e1f1eb41bf2b16563f1a40c1da3a", size = 864768, upload-time = "2025-10-21T15:56:49.793Z" },
    { url = "https://files.pythonhosted.org/packages/99/5d/732fe747a1304805eb3853ce6337eea16b169f7105a0d0dd9c6a5ffa9948/regex-2025.10.23-cp314-cp314-manylinux2014_s390x.manylinux_2_17_s390x.manylinux_2_28_s390x.whl", hash = "sha256:b1249e9ff581c5b658c8f0437f883b01f1edcf424a16388591e7c05e5e9e8b0c", size = 911394, upload-time = "2025-10-21T15:56:52.186Z" },
    { url = "https://files.pythonhosted.org/packages/5e/48/58a1f6623466522352a6efa153b9a3714fc559d9f930e9bc947b4a88a2c3/regex-2025.10.23-cp314-cp314-manylinux2014_x86_64.manylinux_2_17_x86_64.manylinux_2_28_x86_64.whl", hash = "sha256:2b841698f93db3ccc36caa1900d2a3be281d9539b822dc012f08fc80b46a3224", size = 803145, upload-time = "2025-10-21T15:56:55.142Z" },
    { url = "https://files.pythonhosted.org/packages/ea/f6/7dea79be2681a5574ab3fc237aa53b2c1dfd6bd2b44d4640b6c76f33f4c1/regex-2025.10.23-cp314-cp314-musllinux_1_2_aarch64.whl", hash = "sha256:956d89e0c92d471e8f7eee73f73fdff5ed345886378c45a43175a77538a1ffe4", size = 787831, upload-time = "2025-10-21T15:56:57.203Z" },
    { url = "https://files.pythonhosted.org/packages/3a/ad/07b76950fbbe65f88120ca2d8d845047c401450f607c99ed38862904671d/regex-2025.10.23-cp314-cp314-musllinux_1_2_ppc64le.whl", hash = "sha256:5c259cb363299a0d90d63b5c0d7568ee98419861618a95ee9d91a41cb9954462", size = 859162, upload-time = "2025-10-21T15:56:59.195Z" },
    { url = "https://files.pythonhosted.org/packages/41/87/374f3b2021b22aa6a4fc0b750d63f9721e53d1631a238f7a1c343c1cd288/regex-2025.10.23-cp314-cp314-musllinux_1_2_s390x.whl", hash = "sha256:185d2b18c062820b3a40d8fefa223a83f10b20a674bf6e8c4a432e8dfd844627", size = 849899, upload-time = "2025-10-21T15:57:01.747Z" },
    { url = "https://files.pythonhosted.org/packages/12/4a/7f7bb17c5a5a9747249807210e348450dab9212a46ae6d23ebce86ba6a2b/regex-2025.10.23-cp314-cp314-musllinux_1_2_x86_64.whl", hash = "sha256:281d87fa790049c2b7c1b4253121edd80b392b19b5a3d28dc2a77579cb2a58ec", size = 789372, upload-time = "2025-10-21T15:57:04.018Z" },
    { url = "https://files.pythonhosted.org/packages/c9/dd/9c7728ff544fea09bbc8635e4c9e7c423b11c24f1a7a14e6ac4831466709/regex-2025.10.23-cp314-cp314-win32.whl", hash = "sha256:63b81eef3656072e4ca87c58084c7a9c2b81d41a300b157be635a8a675aacfb8", size = 271451, upload-time = "2025-10-21T15:57:06.266Z" },
    { url = "https://files.pythonhosted.org/packages/48/f8/ef7837ff858eb74079c4804c10b0403c0b740762e6eedba41062225f7117/regex-2025.10.23-cp314-cp314-win_amd64.whl", hash = "sha256:0967c5b86f274800a34a4ed862dfab56928144d03cb18821c5153f8777947796", size = 280173, upload-time = "2025-10-21T15:57:08.206Z" },
    { url = "https://files.pythonhosted.org/packages/8e/d0/d576e1dbd9885bfcd83d0e90762beea48d9373a6f7ed39170f44ed22e336/regex-2025.10.23-cp314-cp314-win_arm64.whl", hash = "sha256:c70dfe58b0a00b36aa04cdb0f798bf3e0adc31747641f69e191109fd8572c9a9", size = 273206, upload-time = "2025-10-21T15:57:10.367Z" },
    { url = "https://files.pythonhosted.org/packages/a6/d0/2025268315e8b2b7b660039824cb7765a41623e97d4cd421510925400487/regex-2025.10.23-cp314-cp314t-macosx_10_13_universal2.whl", hash = "sha256:1f5799ea1787aa6de6c150377d11afad39a38afd033f0c5247aecb997978c422", size = 491854, upload-time = "2025-10-21T15:57:12.526Z" },
    { url = "https://files.pythonhosted.org/packages/44/35/5681c2fec5e8b33454390af209c4353dfc44606bf06d714b0b8bd0454ffe/regex-2025.10.23-cp314-cp314t-macosx_10_13_x86_64.whl", hash = "sha256:a9639ab7540cfea45ef57d16dcbea2e22de351998d614c3ad2f9778fa3bdd788", size = 292542, upload-time = "2025-10-21T15:57:15.158Z" },
    { url = "https://files.pythonhosted.org/packages/5d/17/184eed05543b724132e4a18149e900f5189001fcfe2d64edaae4fbaf36b4/regex-2025.10.23-cp314-cp314t-macosx_11_0_arm64.whl", hash = "sha256:08f52122c352eb44c3421dab78b9b73a8a77a282cc8314ae576fcaa92b780d10", size = 290903, upload-time = "2025-10-21T15:57:17.108Z" },
    { url = "https://files.pythonhosted.org/packages/25/d0/5e3347aa0db0de382dddfa133a7b0ae72f24b4344f3989398980b44a3924/regex-2025.10.23-cp314-cp314t-manylinux2014_aarch64.manylinux_2_17_aarch64.manylinux_2_28_aarch64.whl", hash = "sha256:ebf1baebef1c4088ad5a5623decec6b52950f0e4d7a0ae4d48f0a99f8c9cb7d7", size = 807546, upload-time = "2025-10-21T15:57:19.179Z" },
    { url = "https://files.pythonhosted.org/packages/d2/bb/40c589bbdce1be0c55e9f8159789d58d47a22014f2f820cf2b517a5cd193/regex-2025.10.23-cp314-cp314t-manylinux2014_ppc64le.manylinux_2_17_ppc64le.manylinux_2_28_ppc64le.whl", hash = "sha256:16b0f1c2e2d566c562d5c384c2b492646be0a19798532fdc1fdedacc66e3223f", size = 873322, upload-time = "2025-10-21T15:57:21.36Z" },
    { url = "https://files.pythonhosted.org/packages/fe/56/a7e40c01575ac93360e606278d359f91829781a9f7fb6e5aa435039edbda/regex-2025.10.23-cp314-cp314t-manylinux2014_s390x.manylinux_2_17_s390x.manylinux_2_28_s390x.whl", hash = "sha256:f7ada5d9dceafaab92646aa00c10a9efd9b09942dd9b0d7c5a4b73db92cc7e61", size = 914855, upload-time = "2025-10-21T15:57:24.044Z" },
    { url = "https://files.pythonhosted.org/packages/5c/4b/d55587b192763db3163c3f508b3b67b31bb6f5e7a0e08b83013d0a59500a/regex-2025.10.23-cp314-cp314t-manylinux2014_x86_64.manylinux_2_17_x86_64.manylinux_2_28_x86_64.whl", hash = "sha256:3a36b4005770044bf08edecc798f0e41a75795b9e7c9c12fe29da8d792ef870c", size = 812724, upload-time = "2025-10-21T15:57:26.123Z" },
    { url = "https://files.pythonhosted.org/packages/33/20/18bac334955fbe99d17229f4f8e98d05e4a501ac03a442be8facbb37c304/regex-2025.10.23-cp314-cp314t-musllinux_1_2_aarch64.whl", hash = "sha256:af7b2661dcc032da1fae82069b5ebf2ac1dfcd5359ef8b35e1367bfc92181432", size = 795439, upload-time = "2025-10-21T15:57:28.497Z" },
    { url = "https://files.pythonhosted.org/packages/67/46/c57266be9df8549c7d85deb4cb82280cb0019e46fff677534c5fa1badfa4/regex-2025.10.23-cp314-cp314t-musllinux_1_2_ppc64le.whl", hash = "sha256:1cb976810ac1416a67562c2e5ba0accf6f928932320fef302e08100ed681b38e", size = 868336, upload-time = "2025-10-21T15:57:30.867Z" },
    { url = "https://files.pythonhosted.org/packages/b8/f3/bd5879e41ef8187fec5e678e94b526a93f99e7bbe0437b0f2b47f9101694/regex-2025.10.23-cp314-cp314t-musllinux_1_2_s390x.whl", hash = "sha256:1a56a54be3897d62f54290190fbcd754bff6932934529fbf5b29933da28fcd43", size = 854567, upload-time = "2025-10-21T15:57:33.062Z" },
    { url = "https://files.pythonhosted.org/packages/e6/57/2b6bbdbd2f24dfed5b028033aa17ad8f7d86bb28f1a892cac8b3bc89d059/regex-2025.10.23-cp314-cp314t-musllinux_1_2_x86_64.whl", hash = "sha256:8f3e6d202fb52c2153f532043bbcf618fd177df47b0b306741eb9b60ba96edc3", size = 799565, upload-time = "2025-10-21T15:57:35.153Z" },
    { url = "https://files.pythonhosted.org/packages/c7/ba/a6168f542ba73b151ed81237adf6b869c7b2f7f8d51618111296674e20ee/regex-2025.10.23-cp314-cp314t-win32.whl", hash = "sha256:1fa1186966b2621b1769fd467c7b22e317e6ba2d2cdcecc42ea3089ef04a8521", size = 274428, upload-time = "2025-10-21T15:57:37.996Z" },
    { url = "https://files.pythonhosted.org/packages/ef/a0/c84475e14a2829e9b0864ebf77c3f7da909df9d8acfe2bb540ff0072047c/regex-2025.10.23-cp314-cp314t-win_amd64.whl", hash = "sha256:08a15d40ce28362eac3e78e83d75475147869c1ff86bc93285f43b4f4431a741", size = 284140, upload-time = "2025-10-21T15:57:40.027Z" },
    { url = "https://files.pythonhosted.org/packages/51/33/6a08ade0eee5b8ba79386869fa6f77afeb835b60510f3525db987e2fffc4/regex-2025.10.23-cp314-cp314t-win_arm64.whl", hash = "sha256:a93e97338e1c8ea2649e130dcfbe8cd69bba5e1e163834752ab64dcb4de6d5ed", size = 274497, upload-time = "2025-10-21T15:57:42.389Z" },
]

[[package]]
name = "terraform-version-detector"
version = "0.1.0"
source = { virtual = "." }
dependencies = [
    { name = "python-hcl2" },
]

[package.metadata]
requires-dist = [{ name = "python-hcl2", specifier = ">=7.3.1" }]
